
Microsoft Visual Studio Solution File, Format Version 10.00
# Visual C++ Express 2008
Project("{8BC9CEB8-8B4A-11D0-8D11-00A0C91BC942}") = "blitz3d", "blitz3d\blitz3d.vcproj", "{07E5BECF-DF02-4513-9366-788DC27DE91C}"
EndProject
Project("{8BC9CEB8-8B4A-11D0-8D11-00A0C91BC942}") = "dxruntime", "dxruntime\dxruntime.vcproj", "{B34E66AD-60D8-4AFF-93FF-F67A08473A1A}"
EndProject
Project("{8BC9CEB8-8B4A-11D0-8D11-00A0C91BC942}") = "png", "png\png.vcproj", "{12691FEC-6169-4BC7-B513-850FC950EC4E}"
EndProject
Project("{8BC9CEB8-8B4A-11D0-8D11-00A0C91BC942}") = "zlib", "zlib\zlib.vcproj", "{4B7E24DE-0570-41B0-A198-C18DF2C412EC}"
EndProject
Project("{8BC9CEB8-8B4A-11D0-8D11-00A0C91BC942}") = "jpeg", "jpeg\jpeg.vcproj", "{26F7EB3F-B289-446A-AF9A-2F7EE4A4975A}"
EndProject
Project("{8BC9CEB8-8B4A-11D0-8D11-00A0C91BC942}") = "oggvorbis", "oggvorbis\oggvorbis.vcproj", "{B7AE60A9-6DD4-4255-800F-2FD4F832B425}"
EndProject
Project("{8BC9CEB8-8B4A-11D0-8D11-00A0C91BC942}") = "bbsdk", "bbsdk\bbsdk.vcproj", "{F00997A2-61BF-4840-9AAA-B7DAB8E0387A}"
	ProjectSection(ProjectDependencies) = postProject
		{26F7EB3F-B289-446A-AF9A-2F7EE4A4975A} = {26F7EB3F-B289-446A-AF9A-2F7EE4A4975A}
		{B7AE60A9-6DD4-4255-800F-2FD4F832B425} = {B7AE60A9-6DD4-4255-800F-2FD4F832B425}
		{B34E66AD-60D8-4AFF-93FF-F67A08473A1A} = {B34E66AD-60D8-4AFF-93FF-F67A08473A1A}
		{07E5BECF-DF02-4513-9366-788DC27DE91C} = {07E5BECF-DF02-4513-9366-788DC27DE91C}
		{4B7E24DE-0570-41B0-A198-C18DF2C412EC} = {4B7E24DE-0570-41B0-A198-C18DF2C412EC}
		{12691FEC-6169-4BC7-B513-850FC950EC4E} = {12691FEC-6169-4BC7-B513-850FC950EC4E}
	EndProjectSection
EndProject
Global
	GlobalSection(SolutionConfigurationPlatforms) = preSolution
		Debug|Win32 = Debug|Win32
		Release|Win32 = Release|Win32
	EndGlobalSection
	GlobalSection(ProjectConfigurationPlatforms) = postSolution
		{07E5BECF-DF02-4513-9366-788DC27DE91C}.Debug|Win32.ActiveCfg = Debug|Win32
		{07E5BECF-DF02-4513-9366-788DC27DE91C}.Debug|Win32.Build.0 = Debug|Win32
		{07E5BECF-DF02-4513-9366-788DC27DE91C}.Release|Win32.ActiveCfg = Release|Win32
		{07E5BECF-DF02-4513-9366-788DC27DE91C}.Release|Win32.Build.0 = Release|Win32
		{B34E66AD-60D8-4AFF-93FF-F67A08473A1A}.Debug|Win32.ActiveCfg = Debug|Win32
		{B34E66AD-60D8-4AFF-93FF-F67A08473A1A}.Debug|Win32.Build.0 = Debug|Win32
		{B34E66AD-60D8-4AFF-93FF-F67A08473A1A}.Release|Win32.ActiveCfg = Release|Win32
		{B34E66AD-60D8-4AFF-93FF-F67A08473A1A}.Release|Win32.Build.0 = Release|Win32
		{12691FEC-6169-4BC7-B513-850FC950EC4E}.Debug|Win32.ActiveCfg = Debug|Win32
		{12691FEC-6169-4BC7-B513-850FC950EC4E}.Debug|Win32.Build.0 = Debug|Win32
		{12691FEC-6169-4BC7-B513-850FC950EC4E}.Release|Win32.ActiveCfg = Release|Win32
		{12691FEC-6169-4BC7-B513-850FC950EC4E}.Release|Win32.Build.0 = Release|Win32
		{4B7E24DE-0570-41B0-A198-C18DF2C412EC}.Debug|Win32.ActiveCfg = Debug|Win32
		{4B7E24DE-0570-41B0-A198-C18DF2C412EC}.Debug|Win32.Build.0 = Debug|Win32
		{4B7E24DE-0570-41B0-A198-C18DF2C412EC}.Release|Win32.ActiveCfg = Release|Win32
		{4B7E24DE-0570-41B0-A198-C18DF2C412EC}.Release|Win32.Build.0 = Release|Win32
		{26F7EB3F-B289-446A-AF9A-2F7EE4A4975A}.Debug|Win32.ActiveCfg = Debug|Win32
		{26F7EB3F-B289-446A-AF9A-2F7EE4A4975A}.Debug|Win32.Build.0 = Debug|Win32
		{26F7EB3F-B289-446A-AF9A-2F7EE4A4975A}.Release|Win32.ActiveCfg = Release|Win32
		{26F7EB3F-B289-446A-AF9A-2F7EE4A4975A}.Release|Win32.Build.0 = Release|Win32
		{B7AE60A9-6DD4-4255-800F-2FD4F832B425}.Debug|Win32.ActiveCfg = Debug|Win32
		{B7AE60A9-6DD4-4255-800F-2FD4F832B425}.Debug|Win32.Build.0 = Debug|Win32
		{B7AE60A9-6DD4-4255-800F-2FD4F832B425}.Release|Win32.ActiveCfg = Release|Win32
		{B7AE60A9-6DD4-4255-800F-2FD4F832B425}.Release|Win32.Build.0 = Release|Win32
		{F00997A2-61BF-4840-9AAA-B7DAB8E0387A}.Debug|Win32.ActiveCfg = Debug|Win32
		{F00997A2-61BF-4840-9AAA-B7DAB8E0387A}.Debug|Win32.Build.0 = Debug|Win32
		{F00997A2-61BF-4840-9AAA-B7DAB8E0387A}.Release|Win32.ActiveCfg = Release|Win32
		{F00997A2-61BF-4840-9AAA-B7DAB8E0387A}.Release|Win32.Build.0 = Release|Win32
	EndGlobalSection
	GlobalSection(SolutionProperties) = preSolution
		HideSolutionNode = FALSE
	EndGlobalSection
EndGlobal
